
Microsoft Visual Studio Solution File, Format Version 12.00
# Visual Studio Version 16
VisualStudioVersion = 16.0.34031.81
MinimumVisualStudioVersion = 10.0.40219.1
Project("{FAE04EC0-301F-11D3-BF4B-00C04F79EFBC}") = "Certifiquese_WF", "Certifiquese_WF\Certifiquese_WF.csproj", "{AF6A4944-1C31-4475-89D1-644CAD472C0E}"
EndProject
Global
	GlobalSection(SolutionConfigurationPlatforms) = preSolution
		Debug|Any CPU = Debug|Any CPU
		Release|Any CPU = Release|Any CPU
	EndGlobalSection
	GlobalSection(ProjectConfigurationPlatforms) = postSolution
		{AF6A4944-1C31-4475-89D1-644CAD472C0E}.Debug|Any CPU.ActiveCfg = Debug|Any CPU
		{AF6A4944-1C31-4475-89D1-644CAD472C0E}.Debug|Any CPU.Build.0 = Debug|Any CPU
		{AF6A4944-1C31-4475-89D1-644CAD472C0E}.Release|Any CPU.ActiveCfg = Release|Any CPU
		{AF6A4944-1C31-4475-89D1-644CAD472C0E}.Release|Any CPU.Build.0 = Release|Any CPU
	EndGlobalSection
	GlobalSection(SolutionProperties) = preSolution
		HideSolutionNode = FALSE
	EndGlobalSection
	GlobalSection(ExtensibilityGlobals) = postSolution
		SolutionGuid = {02EB9146-0728-4534-96E0-CAB093605191}
	EndGlobalSection
EndGlobal
